// !$*UTF8*$!
{
	archiveVersion = 1;
	classes = {
	};
	objectVersion = 46;
	objects = {

/* Begin PBXBuildFile section */
		3A07F7FD21D8EDCD00424497 /* main.m in Sources */ = {isa = PBXBuildFile; fileRef = 3A07F7FC21D8EDCD00424497 /* main.m */; };
		3A07F80021D8EDCD00424497 /* AppDelegate.m in Sources */ = {isa = PBXBuildFile; fileRef = 3A07F7FF21D8EDCD00424497 /* AppDelegate.m */; };
		3A07F80321D8EDCD00424497 /* ViewController.m in Sources */ = {isa = PBXBuildFile; fileRef = 3A07F80221D8EDCD00424497 /* ViewController.m */; };
		3A07F80621D8EDCD00424497 /* Main.storyboard in Resources */ = {isa = PBXBuildFile; fileRef = 3A07F80421D8EDCD00424497 /* Main.storyboard */; };
		3A07F80821D8EDCD00424497 /* Assets.xcassets in Resources */ = {isa = PBXBuildFile; fileRef = 3A07F80721D8EDCD00424497 /* Assets.xcassets */; };
		3A07F80B21D8EDCD00424497 /* LaunchScreen.storyboard in Resources */ = {isa = PBXBuildFile; fileRef = 3A07F80921D8EDCD00424497 /* LaunchScreen.storyboard */; };
		3A07F81421D8EE4800424497 /* Student.m in Sources */ = {isa = PBXBuildFile; fileRef = 3A07F81321D8EE4800424497 /* Student.m */; };
		3A07F81821D8FEAB00424497 /* TableViewController.m in Sources */ = {isa = PBXBuildFile; fileRef = 3A07F81721D8FEAB00424497 /* TableViewController.m */; };
/* End PBXBuildFile section */

/* Begin PBXFileReference section */
		3A07F7F821D8EDCD00424497 /* lab4.app */ = {isa = PBXFileReference; explicitFileType = wrapper.application; includeInIndex = 0; path = lab4.app; sourceTree = BUILT_PRODUCTS_DIR; };
		3A07F7FC21D8EDCD00424497 /* main.m */ = {isa = PBXFileReference; lastKnownFileType = sourcecode.c.objc; path = main.m; sourceTree = "<group>"; };
		3A07F7FE21D8EDCD00424497 /* AppDelegate.h */ = {isa = PBXFileReference; lastKnownFileType = sourcecode.c.h; path = AppDelegate.h; sourceTree = "<group>"; };
		3A07F7FF21D8EDCD00424497 /* AppDelegate.m */ = {isa = PBXFileReference; lastKnownFileType = sourcecode.c.objc; path = AppDelegate.m; sourceTree = "<group>"; };
		3A07F80121D8EDCD00424497 /* ViewController.h */ = {isa = PBXFileReference; lastKnownFileType = sourcecode.c.h; path = ViewController.h; sourceTree = "<group>"; };
		3A07F80221D8EDCD00424497 /* ViewController.m */ = {isa = PBXFileReference; lastKnownFileType = sourcecode.c.objc; path = ViewController.m; sourceTree = "<group>"; };
		3A07F80521D8EDCD00424497 /* Base */ = {isa = PBXFileReference; lastKnownFileType = file.storyboard; name = Base; path = Base.lproj/Main.storyboard; sourceTree = "<group>"; };
		3A07F80721D8EDCD00424497 /* Assets.xcassets */ = {isa = PBXFileReference; lastKnownFileType = folder.assetcatalog; path = Assets.xcassets; sourceTree = "<group>"; };
		3A07F80A21D8EDCD00424497 /* Base */ = {isa = PBXFileReference; lastKnownFileType = file.storyboard; name = Base; path = Base.lproj/LaunchScreen.storyboard; sourceTree = "<group>"; };
		3A07F80C21D8EDCD00424497 /* Info.plist */ = {isa = PBXFileReference; lastKnownFileType = text.plist.xml; path = Info.plist; sourceTree = "<group>"; };
		3A07F81221D8EE4800424497 /* Student.h */ = {isa = PBXFileReference; fileEncoding = 4; lastKnownFileType = sourcecode.c.h; path = Student.h; sourceTree = "<group>"; };
		3A07F81321D8EE4800424497 /* Student.m */ = {isa = PBXFileReference; fileEncoding = 4; lastKnownFileType = sourcecode.c.objc; path = Student.m; sourceTree = "<group>"; };
		3A07F81621D8FEAB00424497 /* TableViewController.h */ = {isa = PBXFileReference; fileEncoding = 4; lastKnownFileType = sourcecode.c.h; path = TableViewController.h; sourceTree = "<group>"; };
		3A07F81721D8FEAB00424497 /* TableViewController.m */ = {isa = PBXFileReference; fileEncoding = 4; lastKnownFileType = sourcecode.c.objc; path = TableViewController.m; sourceTree = "<group>"; };
/* End PBXFileReference section */

/* Begin PBXFrameworksBuildPhase section */
		3A07F7F521D8EDCD00424497 /* Frameworks */ = {
			isa = PBXFrameworksBuildPhase;
			buildActionMask = 2147483647;
			files = (
			);
			runOnlyForDeploymentPostprocessing = 0;
		};
/* End PBXFrameworksBuildPhase section */

/* Begin PBXGroup section */
		3A07F7EF21D8EDCD00424497 = {
			isa = PBXGroup;
			children = (
				3A07F7FA21D8EDCD00424497 /* lab4 */,
				3A07F7F921D8EDCD00424497 /* Products */,
			);
			sourceTree = "<group>";
		};
		3A07F7F921D8EDCD00424497 /* Products */ = {
			isa = PBXGroup;
			children = (
				3A07F7F821D8EDCD00424497 /* lab4.app */,
			);
			name = Products;
			sourceTree = "<group>";
		};
		3A07F7FA21D8EDCD00424497 /* lab4 */ = {
			isa = PBXGroup;
			children = (
				3A07F7FE21D8EDCD00424497 /* AppDelegate.h */,
				3A07F7FF21D8EDCD00424497 /* AppDelegate.m */,
				3A07F80121D8EDCD00424497 /* ViewController.h */,
				3A07F80221D8EDCD00424497 /* ViewController.m */,
				3A07F80421D8EDCD00424497 /* Main.storyboard */,
				3A07F80721D8EDCD00424497 /* Assets.xcassets */,
				3A07F80921D8EDCD00424497 /* LaunchScreen.storyboard */,
				3A07F80C21D8EDCD00424497 /* Info.plist */,
				3A07F81521D8EE5600424497 /* model */,
				3A07F7FB21D8EDCD00424497 /* Supporting Files */,
				3A07F81621D8FEAB00424497 /* TableViewController.h */,
				3A07F81721D8FEAB00424497 /* TableViewController.m */,
			);
			path = lab4;
			sourceTree = "<group>";
		};
		3A07F7FB21D8EDCD00424497 /* Supporting Files */ = {
			isa = PBXGroup;
			children = (
				3A07F7FC21D8EDCD00424497 /* main.m */,
			);
			name = "Supporting Files";
			sourceTree = "<group>";
		};
		3A07F81521D8EE5600424497 /* model */ = {
			isa = PBXGroup;
			children = (
				3A07F81221D8EE4800424497 /* Student.h */,
				3A07F81321D8EE4800424497 /* Student.m */,
			);
			name = model;
			sourceTree = "<group>";
		};
/* End PBXGroup section */

/* Begin PBXNativeTarget section */
		3A07F7F721D8EDCD00424497 /* lab4 */ = {
			isa = PBXNativeTarget;
			buildConfigurationList = 3A07F80F21D8EDCD00424497 /* Build configuration list for PBXNativeTarget "lab4" */;
			buildPhases = (
				3A07F7F421D8EDCD00424497 /* Sources */,
				3A07F7F521D8EDCD00424497 /* Frameworks */,
				3A07F7F621D8EDCD00424497 /* Resources */,
			);
			buildRules = (
			);
			dependencies = (
			);
			name = lab4;
			productName = lab4;
			productReference = 3A07F7F821D8EDCD00424497 /* lab4.app */;
			productType = "com.apple.product-type.application";
		};
/* End PBXNativeTarget section */

/* Begin PBXProject section */
		3A07F7F021D8EDCD00424497 /* Project object */ = {
			isa = PBXProject;
			attributes = {
				LastUpgradeCheck = 0710;
				ORGANIZATIONNAME = ruansh;
				TargetAttributes = {
					3A07F7F721D8EDCD00424497 = {
						CreatedOnToolsVersion = 7.1;
					};
				};
			};
			buildConfigurationList = 3A07F7F321D8EDCD00424497 /* Build configuration list for PBXProject "lab4" */;
			compatibilityVersion = "Xcode 3.2";
			developmentRegion = English;
			hasScannedForEncodings = 0;
			knownRegions = (
				en,
				Base,
			);
			mainGroup = 3A07F7EF21D8EDCD00424497;
			productRefGroup = 3A07F7F921D8EDCD00424497 /* Products */;
			projectDirPath = "";
			projectRoot = "";
			targets = (
				3A07F7F721D8EDCD00424497 /* lab4 */,
			);
		};
/* End PBXProject section */

/* Begin PBXResourcesBuildPhase section */
		3A07F7F621D8EDCD00424497 /* Resources */ = {
			isa = PBXResourcesBuildPhase;
			buildActionMask = 2147483647;
			files = (
				3A07F80B21D8EDCD00424497 /* LaunchScreen.storyboard in Resources */,
				3A07F80821D8EDCD00424497 /* Assets.xcassets in Resources */,
				3A07F80621D8EDCD00424497 /* Main.storyboard in Resources */,
			);
			runOnlyForDeploymentPostprocessing = 0;
		};
/* End PBXResourcesBuildPhase section */

/* Begin PBXSourcesBuildPhase section */
		3A07F7F421D8EDCD00424497 /* Sources */ = {
			isa = PBXSourcesBuildPhase;
			buildActionMask = 2147483647;
			files = (
				3A07F80321D8EDCD00424497 /* ViewController.m in Sources */,
				3A07F80021D8EDCD00424497 /* AppDelegate.m in Sources */,
				3A07F7FD21D8EDCD00424497 /* main.m in Sources */,
				3A07F81821D8FEAB00424497 /* TableViewController.m in Sources */,
				3A07F81421D8EE4800424497 /* Student.m in Sources */,
			);
			runOnlyForDeploymentPostprocessing = 0;
		};
/* End PBXSourcesBuildPhase section */

/* Begin PBXVariantGroup section */
		3A07F80421D8EDCD00424497 /* Main.storyboard */ = {
			isa = PBXVariantGroup;
			children = (
				3A07F80521D8EDCD00424497 /* Base */,
			);
			name = Main.storyboard;
			sourceTree = "<group>";
		};
		3A07F80921D8EDCD00424497 /* LaunchScreen.storyboard */ = {
			isa = PBXVariantGroup;
			children = (
				3A07F80A21D8EDCD00424497 /* Base */,
			);
			name = LaunchScreen.storyboard;
			sourceTree = "<group>";
		};
/* End PBXVariantGroup section */

/* Begin XCBuildConfiguration section */
		3A07F80D21D8EDCD00424497 /* Debug */ = {
			isa = XCBuildConfiguration;
			buildSettings = {
				ALWAYS_SEARCH_USER_PATHS = NO;
				CLANG_CXX_LANGUAGE_STANDARD = "gnu++0x";
				CLANG_CXX_LIBRARY = "libc++";
				CLANG_ENABLE_MODULES = YES;
				CLANG_ENABLE_OBJC_ARC = YES;
				CLANG_WARN_BOOL_CONVERSION = YES;
				CLANG_WARN_CONSTANT_CONVERSION = YES;
				CLANG_WARN_DIRECT_OBJC_ISA_USAGE = YES_ERROR;
				CLANG_WARN_EMPTY_BODY = YES;
				CLANG_WARN_ENUM_CONVERSION = YES;
				CLANG_WARN_INT_CONVERSION = YES;
				CLANG_WARN_OBJC_ROOT_CLASS = YES_ERROR;
				CLANG_WARN_UNREACHABLE_CODE = YES;
				CLANG_WARN__DUPLICATE_METHOD_MATCH = YES;
				"CODE_SIGN_IDENTITY[sdk=iphoneos*]" = "iPhone Developer";
				COPY_PHASE_STRIP = NO;
				DEBUG_INFORMATION_FORMAT = dwarf;
				ENABLE_STRICT_OBJC_MSGSEND = YES;
				ENABLE_TESTABILITY = YES;
				GCC_C_LANGUAGE_STANDARD = gnu99;
				GCC_DYNAMIC_NO_PIC = NO;
				GCC_NO_COMMON_BLOCKS = YES;
				GCC_OPTIMIZATION_LEVEL = 0;
				GCC_PREPROCESSOR_DEFINITIONS = (
					"DEBUG=1",
					"$(inherited)",
				);
				GCC_WARN_64_TO_32_BIT_CONVERSION = YES;
				GCC_WARN_ABOUT_RETURN_TYPE = YES_ERROR;
				GCC_WARN_UNDECLARED_SELECTOR = YES;
				GCC_WARN_UNINITIALIZED_AUTOS = YES_AGGRESSIVE;
				GCC_WARN_UNUSED_FUNCTION = YES;
				GCC_WARN_UNUSED_VARIABLE = YES;
				IPHONEOS_DEPLOYMENT_TARGET = 9.1;
				MTL_ENABLE_DEBUG_INFO = YES;
				ONLY_ACTIVE_ARCH = YES;
				SDKROOT = iphoneos;
			};
			name = Debug;
		};
		3A07F80E21D8EDCD00424497 /* Release */ = {
			isa = XCBuildConfiguration;
			buildSettings = {
				ALWAYS_SEARCH_USER_PATHS = NO;
				CLANG_CXX_LANGUAGE_STANDARD = "gnu++0x";
				CLANG_CXX_LIBRARY = "libc++";
				CLANG_ENABLE_MODULES = YES;
				CLANG_ENABLE_OBJC_ARC = YES;
				CLANG_WARN_BOOL_CONVERSION = YES;
				CLANG_WARN_CONSTANT_CONVERSION = YES;
				CLANG_WARN_DIRECT_OBJC_ISA_USAGE = YES_ERROR;
				CLANG_WARN_EMPTY_BODY = YES;
				CLANG_WARN_ENUM_CONVERSION = YES;
				CLANG_WARN_INT_CONVERSION = YES;
				CLANG_WARN_OBJC_ROOT_CLASS = YES_ERROR;
				CLANG_WARN_UNREACHABLE_CODE = YES;
				CLANG_WARN__DUPLICATE_METHOD_MATCH = YES;
				"CODE_SIGN_IDENTITY[sdk=iphoneos*]" = "iPhone Developer";
				COPY_PHASE_STRIP = NO;
				DEBUG_INFORMATION_FORMAT = "dwarf-with-dsym";
				ENABLE_NS_ASSERTIONS = NO;
				ENABLE_STRICT_OBJC_MSGSEND = YES;
				GCC_C_LANGUAGE_STANDARD = gnu99;
				GCC_NO_COMMON_BLOCKS = YES;
				GCC_WARN_64_TO_32_BIT_CONVERSION = YES;
				GCC_WARN_ABOUT_RETURN_TYPE = YES_ERROR;
				GCC_WARN_UNDECLARED_SELECTOR = YES;
				GCC_WARN_UNINITIALIZED_AUTOS = YES_AGGRESSIVE;
				GCC_WARN_UNUSED_FUNCTION = YES;
				GCC_WARN_UNUSED_VARIABLE = YES;
				IPHONEOS_DEPLOYMENT_TARGET = 9.1;
				MTL_ENABLE_DEBUG_INFO = NO;
				SDKROOT = iphoneos;
				VALIDATE_PRODUCT = YES;
			};
			name = Release;
		};
		3A07F81021D8EDCD00424497 /* Debug */ = {
			isa = XCBuildConfiguration;
			buildSettings = {
				ASSETCATALOG_COMPILER_APPICON_NAME = AppIcon;
				INFOPLIST_FILE = lab4/Info.plist;
				LD_RUNPATH_SEARCH_PATHS = "$(inherited) @executable_path/Frameworks";
				PRODUCT_BUNDLE_IDENTIFIER = ruansh.lab4;
				PRODUCT_NAME = "$(TARGET_NAME)";
			};
			name = Debug;
		};
		3A07F81121D8EDCD00424497 /* Release */ = {
			isa = XCBuildConfiguration;
			buildSettings = {
				ASSETCATALOG_COMPILER_APPICON_NAME = AppIcon;
				INFOPLIST_FILE = lab4/Info.plist;
				LD_RUNPATH_SEARCH_PATHS = "$(inherited) @executable_path/Frameworks";
				PRODUCT_BUNDLE_IDENTIFIER = ruansh.lab4;
				PRODUCT_NAME = "$(TARGET_NAME)";
			};
			name = Release;
		};
/* End XCBuildConfiguration section */

/* Begin XCConfigurationList section */
		3A07F7F321D8EDCD00424497 /* Build configuration list for PBXProject "lab4" */ = {
			isa = XCConfigurationList;
			buildConfigurations = (
				3A07F80D21D8EDCD00424497 /* Debug */,
				3A07F80E21D8EDCD00424497 /* Release */,
			);
			defaultConfigurationIsVisible = 0;
			defaultConfigurationName = Release;
		};
		3A07F80F21D8EDCD00424497 /* Build configuration list for PBXNativeTarget "lab4" */ = {
			isa = XCConfigurationList;
			buildConfigurations = (
				3A07F81021D8EDCD00424497 /* Debug */,
				3A07F81121D8EDCD00424497 /* Release */,
			);
			defaultConfigurationIsVisible = 0;
		};
/* End XCConfigurationList section */
	};
	rootObject = 3A07F7F021D8EDCD00424497 /* Project object */;
}
