// !$*UTF8*$!
{
	archiveVersion = 1;
	classes = {
	};
	objectVersion = 46;
	objects = {

/* Begin PBXBuildFile section */
		3A07F82721DB3ECC00424497 /* main.m in Sources */ = {isa = PBXBuildFile; fileRef = 3A07F82621DB3ECC00424497 /* main.m */; };
		3A07F82A21DB3ECC00424497 /* AppDelegate.m in Sources */ = {isa = PBXBuildFile; fileRef = 3A07F82921DB3ECC00424497 /* AppDelegate.m */; };
		3A07F82D21DB3ECC00424497 /* ViewController.m in Sources */ = {isa = PBXBuildFile; fileRef = 3A07F82C21DB3ECC00424497 /* ViewController.m */; };
		3A07F83021DB3ECC00424497 /* Main.storyboard in Resources */ = {isa = PBXBuildFile; fileRef = 3A07F82E21DB3ECC00424497 /* Main.storyboard */; };
		3A07F83321DB3ECC00424497 /* CoreDemo1.xcdatamodeld in Sources */ = {isa = PBXBuildFile; fileRef = 3A07F83121DB3ECC00424497 /* CoreDemo1.xcdatamodeld */; };
		3A07F83521DB3ECC00424497 /* Assets.xcassets in Resources */ = {isa = PBXBuildFile; fileRef = 3A07F83421DB3ECC00424497 /* Assets.xcassets */; };
		3A07F83821DB3ECC00424497 /* LaunchScreen.storyboard in Resources */ = {isa = PBXBuildFile; fileRef = 3A07F83621DB3ECC00424497 /* LaunchScreen.storyboard */; };
		3A07F84121DB424000424497 /* TableViewController.m in Sources */ = {isa = PBXBuildFile; fileRef = 3A07F84021DB424000424497 /* TableViewController.m */; };
		3A07F85821DB445000424497 /* Teacher.m in Sources */ = {isa = PBXBuildFile; fileRef = 3A07F85221DB445000424497 /* Teacher.m */; };
		3A07F85A21DB445000424497 /* Student.m in Sources */ = {isa = PBXBuildFile; fileRef = 3A07F85621DB445000424497 /* Student.m */; };
/* End PBXBuildFile section */

/* Begin PBXFileReference section */
		3A07F82221DB3ECC00424497 /* CoreDemo1.app */ = {isa = PBXFileReference; explicitFileType = wrapper.application; includeInIndex = 0; path = CoreDemo1.app; sourceTree = BUILT_PRODUCTS_DIR; };
		3A07F82621DB3ECC00424497 /* main.m */ = {isa = PBXFileReference; lastKnownFileType = sourcecode.c.objc; path = main.m; sourceTree = "<group>"; };
		3A07F82821DB3ECC00424497 /* AppDelegate.h */ = {isa = PBXFileReference; lastKnownFileType = sourcecode.c.h; path = AppDelegate.h; sourceTree = "<group>"; };
		3A07F82921DB3ECC00424497 /* AppDelegate.m */ = {isa = PBXFileReference; lastKnownFileType = sourcecode.c.objc; path = AppDelegate.m; sourceTree = "<group>"; };
		3A07F82B21DB3ECC00424497 /* ViewController.h */ = {isa = PBXFileReference; lastKnownFileType = sourcecode.c.h; path = ViewController.h; sourceTree = "<group>"; };
		3A07F82C21DB3ECC00424497 /* ViewController.m */ = {isa = PBXFileReference; lastKnownFileType = sourcecode.c.objc; path = ViewController.m; sourceTree = "<group>"; };
		3A07F82F21DB3ECC00424497 /* Base */ = {isa = PBXFileReference; lastKnownFileType = file.storyboard; name = Base; path = Base.lproj/Main.storyboard; sourceTree = "<group>"; };
		3A07F83221DB3ECC00424497 /* CoreDemo1.xcdatamodel */ = {isa = PBXFileReference; lastKnownFileType = wrapper.xcdatamodel; path = CoreDemo1.xcdatamodel; sourceTree = "<group>"; };
		3A07F83421DB3ECC00424497 /* Assets.xcassets */ = {isa = PBXFileReference; lastKnownFileType = folder.assetcatalog; path = Assets.xcassets; sourceTree = "<group>"; };
		3A07F83721DB3ECC00424497 /* Base */ = {isa = PBXFileReference; lastKnownFileType = file.storyboard; name = Base; path = Base.lproj/LaunchScreen.storyboard; sourceTree = "<group>"; };
		3A07F83921DB3ECC00424497 /* Info.plist */ = {isa = PBXFileReference; lastKnownFileType = text.plist.xml; path = Info.plist; sourceTree = "<group>"; };
		3A07F83F21DB424000424497 /* TableViewController.h */ = {isa = PBXFileReference; fileEncoding = 4; lastKnownFileType = sourcecode.c.h; path = TableViewController.h; sourceTree = "<group>"; };
		3A07F84021DB424000424497 /* TableViewController.m */ = {isa = PBXFileReference; fileEncoding = 4; lastKnownFileType = sourcecode.c.objc; path = TableViewController.m; sourceTree = "<group>"; };
		3A07F85121DB445000424497 /* Teacher.h */ = {isa = PBXFileReference; fileEncoding = 4; lastKnownFileType = sourcecode.c.h; path = Teacher.h; sourceTree = "<group>"; };
		3A07F85221DB445000424497 /* Teacher.m */ = {isa = PBXFileReference; fileEncoding = 4; lastKnownFileType = sourcecode.c.objc; path = Teacher.m; sourceTree = "<group>"; };
		3A07F85521DB445000424497 /* Student.h */ = {isa = PBXFileReference; fileEncoding = 4; lastKnownFileType = sourcecode.c.h; path = Student.h; sourceTree = "<group>"; };
		3A07F85621DB445000424497 /* Student.m */ = {isa = PBXFileReference; fileEncoding = 4; lastKnownFileType = sourcecode.c.objc; path = Student.m; sourceTree = "<group>"; };
/* End PBXFileReference section */

/* Begin PBXFrameworksBuildPhase section */
		3A07F81F21DB3ECC00424497 /* Frameworks */ = {
			isa = PBXFrameworksBuildPhase;
			buildActionMask = 2147483647;
			files = (
			);
			runOnlyForDeploymentPostprocessing = 0;
		};
/* End PBXFrameworksBuildPhase section */

/* Begin PBXGroup section */
		3A07F81921DB3ECC00424497 = {
			isa = PBXGroup;
			children = (
				3A07F82421DB3ECC00424497 /* CoreDemo1 */,
				3A07F82321DB3ECC00424497 /* Products */,
			);
			sourceTree = "<group>";
		};
		3A07F82321DB3ECC00424497 /* Products */ = {
			isa = PBXGroup;
			children = (
				3A07F82221DB3ECC00424497 /* CoreDemo1.app */,
			);
			name = Products;
			sourceTree = "<group>";
		};
		3A07F82421DB3ECC00424497 /* CoreDemo1 */ = {
			isa = PBXGroup;
			children = (
				3A07F82821DB3ECC00424497 /* AppDelegate.h */,
				3A07F82921DB3ECC00424497 /* AppDelegate.m */,
				3A07F82B21DB3ECC00424497 /* ViewController.h */,
				3A07F82C21DB3ECC00424497 /* ViewController.m */,
				3A07F83F21DB424000424497 /* TableViewController.h */,
				3A07F84021DB424000424497 /* TableViewController.m */,
				3A07F82E21DB3ECC00424497 /* Main.storyboard */,
				3A07F83421DB3ECC00424497 /* Assets.xcassets */,
				3A07F83621DB3ECC00424497 /* LaunchScreen.storyboard */,
				3A07F83921DB3ECC00424497 /* Info.plist */,
				3A07F83121DB3ECC00424497 /* CoreDemo1.xcdatamodeld */,
				3A07F84E21DB43C300424497 /* CoreData */,
				3A07F82521DB3ECC00424497 /* Supporting Files */,
			);
			path = CoreDemo1;
			sourceTree = "<group>";
		};
		3A07F82521DB3ECC00424497 /* Supporting Files */ = {
			isa = PBXGroup;
			children = (
				3A07F82621DB3ECC00424497 /* main.m */,
			);
			name = "Supporting Files";
			sourceTree = "<group>";
		};
		3A07F84E21DB43C300424497 /* CoreData */ = {
			isa = PBXGroup;
			children = (
				3A07F85121DB445000424497 /* Teacher.h */,
				3A07F85221DB445000424497 /* Teacher.m */,
				3A07F85521DB445000424497 /* Student.h */,
				3A07F85621DB445000424497 /* Student.m */,
			);
			name = CoreData;
			path = ..;
			sourceTree = "<group>";
		};
/* End PBXGroup section */

/* Begin PBXNativeTarget section */
		3A07F82121DB3ECC00424497 /* CoreDemo1 */ = {
			isa = PBXNativeTarget;
			buildConfigurationList = 3A07F83C21DB3ECC00424497 /* Build configuration list for PBXNativeTarget "CoreDemo1" */;
			buildPhases = (
				3A07F81E21DB3ECC00424497 /* Sources */,
				3A07F81F21DB3ECC00424497 /* Frameworks */,
				3A07F82021DB3ECC00424497 /* Resources */,
			);
			buildRules = (
			);
			dependencies = (
			);
			name = CoreDemo1;
			productName = CoreDemo1;
			productReference = 3A07F82221DB3ECC00424497 /* CoreDemo1.app */;
			productType = "com.apple.product-type.application";
		};
/* End PBXNativeTarget section */

/* Begin PBXProject section */
		3A07F81A21DB3ECC00424497 /* Project object */ = {
			isa = PBXProject;
			attributes = {
				LastUpgradeCheck = 0710;
				ORGANIZATIONNAME = ruansh;
				TargetAttributes = {
					3A07F82121DB3ECC00424497 = {
						CreatedOnToolsVersion = 7.1;
					};
				};
			};
			buildConfigurationList = 3A07F81D21DB3ECC00424497 /* Build configuration list for PBXProject "CoreDemo1" */;
			compatibilityVersion = "Xcode 3.2";
			developmentRegion = English;
			hasScannedForEncodings = 0;
			knownRegions = (
				en,
				Base,
			);
			mainGroup = 3A07F81921DB3ECC00424497;
			productRefGroup = 3A07F82321DB3ECC00424497 /* Products */;
			projectDirPath = "";
			projectRoot = "";
			targets = (
				3A07F82121DB3ECC00424497 /* CoreDemo1 */,
			);
		};
/* End PBXProject section */

/* Begin PBXResourcesBuildPhase section */
		3A07F82021DB3ECC00424497 /* Resources */ = {
			isa = PBXResourcesBuildPhase;
			buildActionMask = 2147483647;
			files = (
				3A07F83821DB3ECC00424497 /* LaunchScreen.storyboard in Resources */,
				3A07F83521DB3ECC00424497 /* Assets.xcassets in Resources */,
				3A07F83021DB3ECC00424497 /* Main.storyboard in Resources */,
			);
			runOnlyForDeploymentPostprocessing = 0;
		};
/* End PBXResourcesBuildPhase section */

/* Begin PBXSourcesBuildPhase section */
		3A07F81E21DB3ECC00424497 /* Sources */ = {
			isa = PBXSourcesBuildPhase;
			buildActionMask = 2147483647;
			files = (
				3A07F82D21DB3ECC00424497 /* ViewController.m in Sources */,
				3A07F85821DB445000424497 /* Teacher.m in Sources */,
				3A07F83321DB3ECC00424497 /* CoreDemo1.xcdatamodeld in Sources */,
				3A07F82A21DB3ECC00424497 /* AppDelegate.m in Sources */,
				3A07F84121DB424000424497 /* TableViewController.m in Sources */,
				3A07F82721DB3ECC00424497 /* main.m in Sources */,
				3A07F85A21DB445000424497 /* Student.m in Sources */,
			);
			runOnlyForDeploymentPostprocessing = 0;
		};
/* End PBXSourcesBuildPhase section */

/* Begin PBXVariantGroup section */
		3A07F82E21DB3ECC00424497 /* Main.storyboard */ = {
			isa = PBXVariantGroup;
			children = (
				3A07F82F21DB3ECC00424497 /* Base */,
			);
			name = Main.storyboard;
			sourceTree = "<group>";
		};
		3A07F83621DB3ECC00424497 /* LaunchScreen.storyboard */ = {
			isa = PBXVariantGroup;
			children = (
				3A07F83721DB3ECC00424497 /* Base */,
			);
			name = LaunchScreen.storyboard;
			sourceTree = "<group>";
		};
/* End PBXVariantGroup section */

/* Begin XCBuildConfiguration section */
		3A07F83A21DB3ECC00424497 /* Debug */ = {
			isa = XCBuildConfiguration;
			buildSettings = {
				ALWAYS_SEARCH_USER_PATHS = NO;
				CLANG_CXX_LANGUAGE_STANDARD = "gnu++0x";
				CLANG_CXX_LIBRARY = "libc++";
				CLANG_ENABLE_MODULES = YES;
				CLANG_ENABLE_OBJC_ARC = YES;
				CLANG_WARN_BOOL_CONVERSION = YES;
				CLANG_WARN_CONSTANT_CONVERSION = YES;
				CLANG_WARN_DIRECT_OBJC_ISA_USAGE = YES_ERROR;
				CLANG_WARN_EMPTY_BODY = YES;
				CLANG_WARN_ENUM_CONVERSION = YES;
				CLANG_WARN_INT_CONVERSION = YES;
				CLANG_WARN_OBJC_ROOT_CLASS = YES_ERROR;
				CLANG_WARN_UNREACHABLE_CODE = YES;
				CLANG_WARN__DUPLICATE_METHOD_MATCH = YES;
				"CODE_SIGN_IDENTITY[sdk=iphoneos*]" = "iPhone Developer";
				COPY_PHASE_STRIP = NO;
				DEBUG_INFORMATION_FORMAT = dwarf;
				ENABLE_STRICT_OBJC_MSGSEND = YES;
				ENABLE_TESTABILITY = YES;
				GCC_C_LANGUAGE_STANDARD = gnu99;
				GCC_DYNAMIC_NO_PIC = NO;
				GCC_NO_COMMON_BLOCKS = YES;
				GCC_OPTIMIZATION_LEVEL = 0;
				GCC_PREPROCESSOR_DEFINITIONS = (
					"DEBUG=1",
					"$(inherited)",
				);
				GCC_WARN_64_TO_32_BIT_CONVERSION = YES;
				GCC_WARN_ABOUT_RETURN_TYPE = YES_ERROR;
				GCC_WARN_UNDECLARED_SELECTOR = YES;
				GCC_WARN_UNINITIALIZED_AUTOS = YES_AGGRESSIVE;
				GCC_WARN_UNUSED_FUNCTION = YES;
				GCC_WARN_UNUSED_VARIABLE = YES;
				IPHONEOS_DEPLOYMENT_TARGET = 9.1;
				MTL_ENABLE_DEBUG_INFO = YES;
				ONLY_ACTIVE_ARCH = YES;
				SDKROOT = iphoneos;
			};
			name = Debug;
		};
		3A07F83B21DB3ECC00424497 /* Release */ = {
			isa = XCBuildConfiguration;
			buildSettings = {
				ALWAYS_SEARCH_USER_PATHS = NO;
				CLANG_CXX_LANGUAGE_STANDARD = "gnu++0x";
				CLANG_CXX_LIBRARY = "libc++";
				CLANG_ENABLE_MODULES = YES;
				CLANG_ENABLE_OBJC_ARC = YES;
				CLANG_WARN_BOOL_CONVERSION = YES;
				CLANG_WARN_CONSTANT_CONVERSION = YES;
				CLANG_WARN_DIRECT_OBJC_ISA_USAGE = YES_ERROR;
				CLANG_WARN_EMPTY_BODY = YES;
				CLANG_WARN_ENUM_CONVERSION = YES;
				CLANG_WARN_INT_CONVERSION = YES;
				CLANG_WARN_OBJC_ROOT_CLASS = YES_ERROR;
				CLANG_WARN_UNREACHABLE_CODE = YES;
				CLANG_WARN__DUPLICATE_METHOD_MATCH = YES;
				"CODE_SIGN_IDENTITY[sdk=iphoneos*]" = "iPhone Developer";
				COPY_PHASE_STRIP = NO;
				DEBUG_INFORMATION_FORMAT = "dwarf-with-dsym";
				ENABLE_NS_ASSERTIONS = NO;
				ENABLE_STRICT_OBJC_MSGSEND = YES;
				GCC_C_LANGUAGE_STANDARD = gnu99;
				GCC_NO_COMMON_BLOCKS = YES;
				GCC_WARN_64_TO_32_BIT_CONVERSION = YES;
				GCC_WARN_ABOUT_RETURN_TYPE = YES_ERROR;
				GCC_WARN_UNDECLARED_SELECTOR = YES;
				GCC_WARN_UNINITIALIZED_AUTOS = YES_AGGRESSIVE;
				GCC_WARN_UNUSED_FUNCTION = YES;
				GCC_WARN_UNUSED_VARIABLE = YES;
				IPHONEOS_DEPLOYMENT_TARGET = 9.1;
				MTL_ENABLE_DEBUG_INFO = NO;
				SDKROOT = iphoneos;
				VALIDATE_PRODUCT = YES;
			};
			name = Release;
		};
		3A07F83D21DB3ECC00424497 /* Debug */ = {
			isa = XCBuildConfiguration;
			buildSettings = {
				ASSETCATALOG_COMPILER_APPICON_NAME = AppIcon;
				INFOPLIST_FILE = CoreDemo1/Info.plist;
				LD_RUNPATH_SEARCH_PATHS = "$(inherited) @executable_path/Frameworks";
				PRODUCT_BUNDLE_IDENTIFIER = ruansh.CoreDemo1;
				PRODUCT_NAME = "$(TARGET_NAME)";
			};
			name = Debug;
		};
		3A07F83E21DB3ECC00424497 /* Release */ = {
			isa = XCBuildConfiguration;
			buildSettings = {
				ASSETCATALOG_COMPILER_APPICON_NAME = AppIcon;
				INFOPLIST_FILE = CoreDemo1/Info.plist;
				LD_RUNPATH_SEARCH_PATHS = "$(inherited) @executable_path/Frameworks";
				PRODUCT_BUNDLE_IDENTIFIER = ruansh.CoreDemo1;
				PRODUCT_NAME = "$(TARGET_NAME)";
			};
			name = Release;
		};
/* End XCBuildConfiguration section */

/* Begin XCConfigurationList section */
		3A07F81D21DB3ECC00424497 /* Build configuration list for PBXProject "CoreDemo1" */ = {
			isa = XCConfigurationList;
			buildConfigurations = (
				3A07F83A21DB3ECC00424497 /* Debug */,
				3A07F83B21DB3ECC00424497 /* Release */,
			);
			defaultConfigurationIsVisible = 0;
			defaultConfigurationName = Release;
		};
		3A07F83C21DB3ECC00424497 /* Build configuration list for PBXNativeTarget "CoreDemo1" */ = {
			isa = XCConfigurationList;
			buildConfigurations = (
				3A07F83D21DB3ECC00424497 /* Debug */,
				3A07F83E21DB3ECC00424497 /* Release */,
			);
			defaultConfigurationIsVisible = 0;
		};
/* End XCConfigurationList section */

/* Begin XCVersionGroup section */
		3A07F83121DB3ECC00424497 /* CoreDemo1.xcdatamodeld */ = {
			isa = XCVersionGroup;
			children = (
				3A07F83221DB3ECC00424497 /* CoreDemo1.xcdatamodel */,
			);
			currentVersion = 3A07F83221DB3ECC00424497 /* CoreDemo1.xcdatamodel */;
			path = CoreDemo1.xcdatamodeld;
			sourceTree = "<group>";
			versionGroupType = wrapper.xcdatamodel;
		};
/* End XCVersionGroup section */
	};
	rootObject = 3A07F81A21DB3ECC00424497 /* Project object */;
}
